{
    "name": "bootswatch-to-mui",
    "version": "1.0.0",
    "lockfileVersion": 3,
    "requires": true,
    "packages": {
        "": {
            "name": "bootswatch-to-mui",
            "version": "1.0.0",
            "license": "MIT",
            "dependencies": {
                "commander": "^11.0.0",
                "tinycolor2": "^1.6.0"
            },
            "bin": {
                "bootswatch-to-mui": "bin/cli.js"
            }
        },
        "node_modules/commander": {
            "version": "11.1.0",
            "resolved": "https://registry.npmjs.org/commander/-/commander-11.1.0.tgz",
            "integrity": "sha512-yPVavfyCcRhmorC7rWlkHn15b4wDVgVmBA7kV4QVBsF7kv/9TKJAbAXVTxvTnwP8HHKjRCJDClKbciiYS7p0DQ==",
            "engines": {
                "node": ">=16"
            }
        },
        "node_modules/tinycolor2": {
            "version": "1.6.0",
            "resolved": "https://registry.npmjs.org/tinycolor2/-/tinycolor2-1.6.0.tgz",
            "integrity": "sha512-XPaBkWQJdsf3pLKJV9p4qN/S+fm2Oj8AIPo1BTUhg5oxkvm9+SVEGFdhyOz7tTdUTfvxMiAs4sp6/eZO2Ew+pw=="
        }
    }
}
